
Microsoft Visual Studio Solution File, Format Version 12.00
# Visual Studio 15
VisualStudioVersion = 15.0.28010.2026
MinimumVisualStudioVersion = 10.0.40219.1
Project("{9A19103F-16F7-4668-BE54-9A1E7A4F7556}") = "ClassLibrary", "ClassLibrary\ClassLibrary.csproj", "{84DD6797-EF23-48DC-A272-BEF5580BCA29}"
EndProject
Project("{9A19103F-16F7-4668-BE54-9A1E7A4F7556}") = "WebApplication", "WebApplication\WebApplication.csproj", "{2E044876-8A97-40D1-907F-E17B3332E8A4}"
EndProject
Project("{FAE04EC0-301F-11D3-BF4B-00C04F79EFBC}") = "WindowsFormsApp", "WindowsFormsApp\WindowsFormsApp.csproj", "{5E3FBC1D-BFFF-4F37-89BA-60013316161C}"
EndProject
Global
	GlobalSection(SolutionConfigurationPlatforms) = preSolution
		Debug|Any CPU = Debug|Any CPU
		Release|Any CPU = Release|Any CPU
	EndGlobalSection
	GlobalSection(ProjectConfigurationPlatforms) = postSolution
		{84DD6797-EF23-48DC-A272-BEF5580BCA29}.Debug|Any CPU.ActiveCfg = Debug|Any CPU
		{84DD6797-EF23-48DC-A272-BEF5580BCA29}.Debug|Any CPU.Build.0 = Debug|Any CPU
		{84DD6797-EF23-48DC-A272-BEF5580BCA29}.Release|Any CPU.ActiveCfg = Release|Any CPU
		{84DD6797-EF23-48DC-A272-BEF5580BCA29}.Release|Any CPU.Build.0 = Release|Any CPU
		{2E044876-8A97-40D1-907F-E17B3332E8A4}.Debug|Any CPU.ActiveCfg = Debug|Any CPU
		{2E044876-8A97-40D1-907F-E17B3332E8A4}.Debug|Any CPU.Build.0 = Debug|Any CPU
		{2E044876-8A97-40D1-907F-E17B3332E8A4}.Release|Any CPU.ActiveCfg = Release|Any CPU
		{2E044876-8A97-40D1-907F-E17B3332E8A4}.Release|Any CPU.Build.0 = Release|Any CPU
		{5E3FBC1D-BFFF-4F37-89BA-60013316161C}.Debug|Any CPU.ActiveCfg = Debug|Any CPU
		{5E3FBC1D-BFFF-4F37-89BA-60013316161C}.Debug|Any CPU.Build.0 = Debug|Any CPU
		{5E3FBC1D-BFFF-4F37-89BA-60013316161C}.Release|Any CPU.ActiveCfg = Release|Any CPU
		{5E3FBC1D-BFFF-4F37-89BA-60013316161C}.Release|Any CPU.Build.0 = Release|Any CPU
	EndGlobalSection
	GlobalSection(SolutionProperties) = preSolution
		HideSolutionNode = FALSE
	EndGlobalSection
	GlobalSection(ExtensibilityGlobals) = postSolution
		SolutionGuid = {8A009ED2-CDA6-439F-9658-FD01828D7175}
	EndGlobalSection
EndGlobal
